<?xml version="1.0" encoding="UTF-8"?>
<Scheme
   LastUpgradeVersion = "1620"
   version = "1.7">
   <BuildAction
      parallelizeBuildables = "YES"
      buildImplicitDependencies = "YES"
      buildArchitectures = "Automatic">
      <BuildActionEntries>
         <BuildActionEntry
            buildForTesting = "YES"
            buildForRunning = "YES"
            buildForProfiling = "YES"
            buildForArchiving = "YES"
            buildForAnalyzing = "YES">
            <BuildableReference
               BuildableIdentifier = "primary"
               BlueprintIdentifier = "E98FC20E2D7FE6DB00443E9F"
               BuildableName = "AR-Recipe-Assistant.app"
               BlueprintName = "AR-Recipe-Assistant"
               ReferencedContainer = "container:AR-Recipe-Assistant.xcodeproj">
            </BuildableReference>
         </BuildActionEntry>
      </BuildActionEntries>
   </BuildAction>
   <TestAction
      buildConfiguration = "Debug"
      selectedDebuggerIdentifier = "Xcode.DebuggerFoundation.Debugger.LLDB"
      selectedLauncherIdentifier = "Xcode.DebuggerFoundation.Launcher.LLDB"
      shouldUseLaunchSchemeArgsEnv = "YES"
      shouldAutocreateTestPlan = "YES">
      <Testables>
         <TestableReference
            skipped = "NO"
            parallelizable = "YES">
            <BuildableReference
               BuildableIdentifier = "primary"
               BlueprintIdentifier = "E98FC2202D7FE6DD00443E9F"
               BuildableName = "AR-Recipe-AssistantTests.xctest"
               BlueprintName = "AR-Recipe-AssistantTests"
               ReferencedContainer = "container:AR-Recipe-Assistant.xcodeproj">
            </BuildableReference>
         </TestableReference>
         <TestableReference
            skipped = "NO"
            parallelizable = "YES">
            <BuildableReference
               BuildableIdentifier = "primary"
               BlueprintIdentifier = "E98FC22A2D7FE6DD00443E9F"
               BuildableName = "AR-Recipe-AssistantUITests.xctest"
               BlueprintName = "AR-Recipe-AssistantUITests"
               ReferencedContainer = "container:AR-Recipe-Assistant.xcodeproj">
            </BuildableReference>
         </TestableReference>
         <TestableReference
            skipped = "NO"
            parallelizable = "YES">
            <BuildableReference
               BuildableIdentifier = "primary"
               BlueprintIdentifier = "E98FC24E2D8129FE00443E9F"
               BuildableName = "UtilsTests.xctest"
               BlueprintName = "UtilsTests"
               ReferencedContainer = "container:AR-Recipe-Assistant.xcodeproj">
            </BuildableReference>
         </TestableReference>
      </Testables>
   </TestAction>
   <LaunchAction
      buildConfiguration = "Debug"
      selectedDebuggerIdentifier = "Xcode.DebuggerFoundation.Debugger.LLDB"
      selectedLauncherIdentifier = "Xcode.DebuggerFoundation.Launcher.LLDB"
      launchStyle = "0"
      useCustomWorkingDirectory = "NO"
      ignoresPersistentStateOnLaunch = "NO"
      debugDocumentVersioning = "YES"
      debugServiceExtension = "internal"
      allowLocationSimulation = "YES">
      <BuildableProductRunnable
         runnableDebuggingMode = "0">
         <BuildableReference
            BuildableIdentifier = "primary"
            BlueprintIdentifier = "E98FC20E2D7FE6DB00443E9F"
            BuildableName = "AR-Recipe-Assistant.app"
            BlueprintName = "AR-Recipe-Assistant"
            ReferencedContainer = "container:AR-Recipe-Assistant.xcodeproj">
         </BuildableReference>
      </BuildableProductRunnable>
      <EnvironmentVariables>
         <EnvironmentVariable
            key = "OPENAI_API_KEY"
            value = "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"
            isEnabled = "YES">
         </EnvironmentVariable>
      </EnvironmentVariables>
   </LaunchAction>
   <ProfileAction
      buildConfiguration = "Release"
      shouldUseLaunchSchemeArgsEnv = "YES"
      savedToolIdentifier = ""
      useCustomWorkingDirectory = "NO"
      debugDocumentVersioning = "YES">
      <BuildableProductRunnable
         runnableDebuggingMode = "0">
         <BuildableReference
            BuildableIdentifier = "primary"
            BlueprintIdentifier = "E98FC20E2D7FE6DB00443E9F"
            BuildableName = "AR-Recipe-Assistant.app"
            BlueprintName = "AR-Recipe-Assistant"
            ReferencedContainer = "container:AR-Recipe-Assistant.xcodeproj">
         </BuildableReference>
      </BuildableProductRunnable>
   </ProfileAction>
   <AnalyzeAction
      buildConfiguration = "Debug">
   </AnalyzeAction>
   <ArchiveAction
      buildConfiguration = "Release"
      revealArchiveInOrganizer = "YES">
   </ArchiveAction>
</Scheme>
